
Microsoft Visual Studio Solution File, Format Version 12.00
# Visual Studio Version 17
VisualStudioVersion = 17.7.34202.233
MinimumVisualStudioVersion = 10.0.40219.1
Project("{9A19103F-16F7-4668-BE54-9A1E7A4F7556}") = "ChatDB", "ChatDB\ChatDB.csproj", "{334DDF97-2529-4706-8E5F-7CE7C1CEE015}"
EndProject
Project("{9A19103F-16F7-4668-BE54-9A1E7A4F7556}") = "ChatCommon", "ChatCommon\ChatCommon.csproj", "{12CD1E69-DB93-4FB6-A11F-0CBCA094843A}"
EndProject
Project("{9A19103F-16F7-4668-BE54-9A1E7A4F7556}") = "ChatApp", "ChatApp\ChatApp.csproj", "{165212F8-96FC-4297-8FCA-356BC47BE78E}"
EndProject
Project("{FAE04EC0-301F-11D3-BF4B-00C04F79EFBC}") = "StartApp", "StartApp\StartApp.csproj", "{01E7D138-858C-4BFF-B6D2-9FCBB22732A3}"
EndProject
Global
	GlobalSection(SolutionConfigurationPlatforms) = preSolution
		Debug|Any CPU = Debug|Any CPU
		Release|Any CPU = Release|Any CPU
	EndGlobalSection
	GlobalSection(ProjectConfigurationPlatforms) = postSolution
		{334DDF97-2529-4706-8E5F-7CE7C1CEE015}.Debug|Any CPU.ActiveCfg = Debug|Any CPU
		{334DDF97-2529-4706-8E5F-7CE7C1CEE015}.Debug|Any CPU.Build.0 = Debug|Any CPU
		{334DDF97-2529-4706-8E5F-7CE7C1CEE015}.Release|Any CPU.ActiveCfg = Release|Any CPU
		{334DDF97-2529-4706-8E5F-7CE7C1CEE015}.Release|Any CPU.Build.0 = Release|Any CPU
		{12CD1E69-DB93-4FB6-A11F-0CBCA094843A}.Debug|Any CPU.ActiveCfg = Debug|Any CPU
		{12CD1E69-DB93-4FB6-A11F-0CBCA094843A}.Debug|Any CPU.Build.0 = Debug|Any CPU
		{12CD1E69-DB93-4FB6-A11F-0CBCA094843A}.Release|Any CPU.ActiveCfg = Release|Any CPU
		{12CD1E69-DB93-4FB6-A11F-0CBCA094843A}.Release|Any CPU.Build.0 = Release|Any CPU
		{165212F8-96FC-4297-8FCA-356BC47BE78E}.Debug|Any CPU.ActiveCfg = Debug|Any CPU
		{165212F8-96FC-4297-8FCA-356BC47BE78E}.Debug|Any CPU.Build.0 = Debug|Any CPU
		{165212F8-96FC-4297-8FCA-356BC47BE78E}.Release|Any CPU.ActiveCfg = Release|Any CPU
		{165212F8-96FC-4297-8FCA-356BC47BE78E}.Release|Any CPU.Build.0 = Release|Any CPU
		{01E7D138-858C-4BFF-B6D2-9FCBB22732A3}.Debug|Any CPU.ActiveCfg = Debug|Any CPU
		{01E7D138-858C-4BFF-B6D2-9FCBB22732A3}.Debug|Any CPU.Build.0 = Debug|Any CPU
		{01E7D138-858C-4BFF-B6D2-9FCBB22732A3}.Release|Any CPU.ActiveCfg = Release|Any CPU
		{01E7D138-858C-4BFF-B6D2-9FCBB22732A3}.Release|Any CPU.Build.0 = Release|Any CPU
	EndGlobalSection
	GlobalSection(SolutionProperties) = preSolution
		HideSolutionNode = FALSE
	EndGlobalSection
	GlobalSection(ExtensibilityGlobals) = postSolution
		SolutionGuid = {F0373585-5EC5-4D8D-B5B0-E484ACA4601E}
	EndGlobalSection
EndGlobal
