
Microsoft Visual Studio Solution File, Format Version 12.00
# Visual Studio Version 17
VisualStudioVersion = 17.7.34202.233
MinimumVisualStudioVersion = 10.0.40219.1
Project("{FAE04EC0-301F-11D3-BF4B-00C04F79EFBC}") = "Server", "DevelopmentNetworkApplication\Server.csproj", "{D3AF48E7-0B4D-4454-848D-9ED579A4B22B}"
EndProject
Project("{FAE04EC0-301F-11D3-BF4B-00C04F79EFBC}") = "Client", "Client\Client.csproj", "{F2572935-6BCE-419F-9D52-E08D8D6FCB02}"
EndProject
Project("{FAE04EC0-301F-11D3-BF4B-00C04F79EFBC}") = "Network", "Network\Network.csproj", "{2903D0A3-0065-49C0-B03C-969E2FBCA06F}"
EndProject
Global
	GlobalSection(SolutionConfigurationPlatforms) = preSolution
		Debug|Any CPU = Debug|Any CPU
		Release|Any CPU = Release|Any CPU
	EndGlobalSection
	GlobalSection(ProjectConfigurationPlatforms) = postSolution
		{D3AF48E7-0B4D-4454-848D-9ED579A4B22B}.Debug|Any CPU.ActiveCfg = Debug|Any CPU
		{D3AF48E7-0B4D-4454-848D-9ED579A4B22B}.Debug|Any CPU.Build.0 = Debug|Any CPU
		{D3AF48E7-0B4D-4454-848D-9ED579A4B22B}.Release|Any CPU.ActiveCfg = Release|Any CPU
		{D3AF48E7-0B4D-4454-848D-9ED579A4B22B}.Release|Any CPU.Build.0 = Release|Any CPU
		{F2572935-6BCE-419F-9D52-E08D8D6FCB02}.Debug|Any CPU.ActiveCfg = Debug|Any CPU
		{F2572935-6BCE-419F-9D52-E08D8D6FCB02}.Debug|Any CPU.Build.0 = Debug|Any CPU
		{F2572935-6BCE-419F-9D52-E08D8D6FCB02}.Release|Any CPU.ActiveCfg = Release|Any CPU
		{F2572935-6BCE-419F-9D52-E08D8D6FCB02}.Release|Any CPU.Build.0 = Release|Any CPU
		{2903D0A3-0065-49C0-B03C-969E2FBCA06F}.Debug|Any CPU.ActiveCfg = Debug|Any CPU
		{2903D0A3-0065-49C0-B03C-969E2FBCA06F}.Debug|Any CPU.Build.0 = Debug|Any CPU
		{2903D0A3-0065-49C0-B03C-969E2FBCA06F}.Release|Any CPU.ActiveCfg = Release|Any CPU
		{2903D0A3-0065-49C0-B03C-969E2FBCA06F}.Release|Any CPU.Build.0 = Release|Any CPU
	EndGlobalSection
	GlobalSection(SolutionProperties) = preSolution
		HideSolutionNode = FALSE
	EndGlobalSection
	GlobalSection(ExtensibilityGlobals) = postSolution
		SolutionGuid = {F0373585-5EC5-4D8D-B5B0-E484ACA4601E}
	EndGlobalSection
EndGlobal
